{
  "name": "nexus-deployer",
  "version": "0.1.4",
  "dependencies": {
    "async": {
      "version": "0.9.0",
      "from": "https://registry.npmjs.org/async/-/async-0.9.0.tgz",
      "resolved": "https://registry.npmjs.org/async/-/async-0.9.0.tgz"
    },
    "chalk": {
      "version": "1.1.1",
      "from": "https://registry.npmjs.org/chalk/-/chalk-1.1.1.tgz",
      "resolved": "https://registry.npmjs.org/chalk/-/chalk-1.1.1.tgz",
      "dependencies": {
        "ansi-styles": {
          "version": "2.2.0",
          "from": "https://registry.npmjs.org/ansi-styles/-/ansi-styles-2.2.0.tgz",
          "resolved": "https://registry.npmjs.org/ansi-styles/-/ansi-styles-2.2.0.tgz",
          "dependencies": {
            "color-convert": {
              "version": "1.0.0",
              "from": "https://registry.npmjs.org/color-convert/-/color-convert-1.0.0.tgz",
              "resolved": "https://registry.npmjs.org/color-convert/-/color-convert-1.0.0.tgz"
            }
          }
        },
        "escape-string-regexp": {
          "version": "1.0.5",
          "from": "https://registry.npmjs.org/escape-string-regexp/-/escape-string-regexp-1.0.5.tgz",
          "resolved": "https://registry.npmjs.org/escape-string-regexp/-/escape-string-regexp-1.0.5.tgz"
        },
        "has-ansi": {
          "version": "2.0.0",
          "from": "https://registry.npmjs.org/has-ansi/-/has-ansi-2.0.0.tgz",
          "resolved": "https://registry.npmjs.org/has-ansi/-/has-ansi-2.0.0.tgz",
          "dependencies": {
            "ansi-regex": {
              "version": "2.0.0",
              "from": "https://registry.npmjs.org/ansi-regex/-/ansi-regex-2.0.0.tgz",
              "resolved": "https://registry.npmjs.org/ansi-regex/-/ansi-regex-2.0.0.tgz"
            }
          }
        },
        "strip-ansi": {
          "version": "3.0.1",
          "from": "https://registry.npmjs.org/strip-ansi/-/strip-ansi-3.0.1.tgz",
          "resolved": "https://registry.npmjs.org/strip-ansi/-/strip-ansi-3.0.1.tgz",
          "dependencies": {
            "ansi-regex": {
              "version": "2.0.0",
              "from": "https://registry.npmjs.org/ansi-regex/-/ansi-regex-2.0.0.tgz",
              "resolved": "https://registry.npmjs.org/ansi-regex/-/ansi-regex-2.0.0.tgz"
            }
          }
        },
        "supports-color": {
          "version": "2.0.0",
          "from": "https://registry.npmjs.org/supports-color/-/supports-color-2.0.0.tgz",
          "resolved": "https://registry.npmjs.org/supports-color/-/supports-color-2.0.0.tgz"
        }
      }
    },
    "dateformat": {
      "version": "1.0.11",
      "from": "https://registry.npmjs.org/dateformat/-/dateformat-1.0.11.tgz",
      "resolved": "https://registry.npmjs.org/dateformat/-/dateformat-1.0.11.tgz",
      "dependencies": {
        "get-stdin": {
          "version": "5.0.1",
          "from": "https://registry.npmjs.org/get-stdin/-/get-stdin-5.0.1.tgz",
          "resolved": "https://registry.npmjs.org/get-stdin/-/get-stdin-5.0.1.tgz"
        },
        "meow": {
          "version": "3.7.0",
          "from": "https://registry.npmjs.org/meow/-/meow-3.7.0.tgz",
          "resolved": "https://registry.npmjs.org/meow/-/meow-3.7.0.tgz",
          "dependencies": {
            "camelcase-keys": {
              "version": "2.1.0",
              "from": "https://registry.npmjs.org/camelcase-keys/-/camelcase-keys-2.1.0.tgz",
              "resolved": "https://registry.npmjs.org/camelcase-keys/-/camelcase-keys-2.1.0.tgz",
              "dependencies": {
                "camelcase": {
                  "version": "2.1.1",
                  "from": "https://registry.npmjs.org/camelcase/-/camelcase-2.1.1.tgz",
                  "resolved": "https://registry.npmjs.org/camelcase/-/camelcase-2.1.1.tgz"
                }
              }
            },
            "decamelize": {
              "version": "1.2.0",
              "from": "https://registry.npmjs.org/decamelize/-/decamelize-1.2.0.tgz",
              "resolved": "https://registry.npmjs.org/decamelize/-/decamelize-1.2.0.tgz"
            },
            "loud-rejection": {
              "version": "1.3.0",
              "from": "https://registry.npmjs.org/loud-rejection/-/loud-rejection-1.3.0.tgz",
              "resolved": "https://registry.npmjs.org/loud-rejection/-/loud-rejection-1.3.0.tgz",
              "dependencies": {
                "array-find-index": {
                  "version": "1.0.1",
                  "from": "https://registry.npmjs.org/array-find-index/-/array-find-index-1.0.1.tgz",
                  "resolved": "https://registry.npmjs.org/array-find-index/-/array-find-index-1.0.1.tgz"
                },
                "signal-exit": {
                  "version": "2.1.2",
                  "from": "https://registry.npmjs.org/signal-exit/-/signal-exit-2.1.2.tgz",
                  "resolved": "https://registry.npmjs.org/signal-exit/-/signal-exit-2.1.2.tgz"
                }
              }
            },
            "map-obj": {
              "version": "1.0.1",
              "from": "https://registry.npmjs.org/map-obj/-/map-obj-1.0.1.tgz",
              "resolved": "https://registry.npmjs.org/map-obj/-/map-obj-1.0.1.tgz"
            },
            "minimist": {
              "version": "1.2.0",
              "from": "https://registry.npmjs.org/minimist/-/minimist-1.2.0.tgz",
              "resolved": "https://registry.npmjs.org/minimist/-/minimist-1.2.0.tgz"
            },
            "normalize-package-data": {
              "version": "2.3.5",
              "from": "https://registry.npmjs.org/normalize-package-data/-/normalize-package-data-2.3.5.tgz",
              "resolved": "https://registry.npmjs.org/normalize-package-data/-/normalize-package-data-2.3.5.tgz",
              "dependencies": {
                "hosted-git-info": {
                  "version": "2.1.4",
                  "from": "https://registry.npmjs.org/hosted-git-info/-/hosted-git-info-2.1.4.tgz",
                  "resolved": "https://registry.npmjs.org/hosted-git-info/-/hosted-git-info-2.1.4.tgz"
                },
                "is-builtin-module": {
                  "version": "1.0.0",
                  "from": "https://registry.npmjs.org/is-builtin-module/-/is-builtin-module-1.0.0.tgz",
                  "resolved": "https://registry.npmjs.org/is-builtin-module/-/is-builtin-module-1.0.0.tgz",
                  "dependencies": {
                    "builtin-modules": {
                      "version": "1.1.1",
                      "from": "https://registry.npmjs.org/builtin-modules/-/builtin-modules-1.1.1.tgz",
                      "resolved": "https://registry.npmjs.org/builtin-modules/-/builtin-modules-1.1.1.tgz"
                    }
                  }
                },
                "semver": {
                  "version": "5.1.0",
                  "from": "https://registry.npmjs.org/semver/-/semver-5.1.0.tgz",
                  "resolved": "https://registry.npmjs.org/semver/-/semver-5.1.0.tgz"
                },
                "validate-npm-package-license": {
                  "version": "3.0.1",
                  "from": "https://registry.npmjs.org/validate-npm-package-license/-/validate-npm-package-license-3.0.1.tgz",
                  "resolved": "https://registry.npmjs.org/validate-npm-package-license/-/validate-npm-package-license-3.0.1.tgz",
                  "dependencies": {
                    "spdx-correct": {
                      "version": "1.0.2",
                      "from": "https://registry.npmjs.org/spdx-correct/-/spdx-correct-1.0.2.tgz",
                      "resolved": "https://registry.npmjs.org/spdx-correct/-/spdx-correct-1.0.2.tgz",
                      "dependencies": {
                        "spdx-license-ids": {
                          "version": "1.2.0",
                          "from": "https://registry.npmjs.org/spdx-license-ids/-/spdx-license-ids-1.2.0.tgz",
                          "resolved": "https://registry.npmjs.org/spdx-license-ids/-/spdx-license-ids-1.2.0.tgz"
                        }
                      }
                    },
                    "spdx-expression-parse": {
                      "version": "1.0.2",
                      "from": "https://registry.npmjs.org/spdx-expression-parse/-/spdx-expression-parse-1.0.2.tgz",
                      "resolved": "https://registry.npmjs.org/spdx-expression-parse/-/spdx-expression-parse-1.0.2.tgz",
                      "dependencies": {
                        "spdx-exceptions": {
                          "version": "1.0.4",
                          "from": "https://registry.npmjs.org/spdx-exceptions/-/spdx-exceptions-1.0.4.tgz",
                          "resolved": "https://registry.npmjs.org/spdx-exceptions/-/spdx-exceptions-1.0.4.tgz"
                        },
                        "spdx-license-ids": {
                          "version": "1.2.0",
                          "from": "https://registry.npmjs.org/spdx-license-ids/-/spdx-license-ids-1.2.0.tgz",
                          "resolved": "https://registry.npmjs.org/spdx-license-ids/-/spdx-license-ids-1.2.0.tgz"
                        }
                      }
                    }
                  }
                }
              }
            },
            "object-assign": {
              "version": "4.0.1",
              "from": "https://registry.npmjs.org/object-assign/-/object-assign-4.0.1.tgz",
              "resolved": "https://registry.npmjs.org/object-assign/-/object-assign-4.0.1.tgz"
            },
            "read-pkg-up": {
              "version": "1.0.1",
              "from": "https://registry.npmjs.org/read-pkg-up/-/read-pkg-up-1.0.1.tgz",
              "resolved": "https://registry.npmjs.org/read-pkg-up/-/read-pkg-up-1.0.1.tgz",
              "dependencies": {
                "find-up": {
                  "version": "1.1.2",
                  "from": "https://registry.npmjs.org/find-up/-/find-up-1.1.2.tgz",
                  "resolved": "https://registry.npmjs.org/find-up/-/find-up-1.1.2.tgz",
                  "dependencies": {
                    "path-exists": {
                      "version": "2.1.0",
                      "from": "https://registry.npmjs.org/path-exists/-/path-exists-2.1.0.tgz",
                      "resolved": "https://registry.npmjs.org/path-exists/-/path-exists-2.1.0.tgz"
                    },
                    "pinkie-promise": {
                      "version": "2.0.0",
                      "from": "https://registry.npmjs.org/pinkie-promise/-/pinkie-promise-2.0.0.tgz",
                      "resolved": "https://registry.npmjs.org/pinkie-promise/-/pinkie-promise-2.0.0.tgz",
                      "dependencies": {
                        "pinkie": {
                          "version": "2.0.4",
                          "from": "https://registry.npmjs.org/pinkie/-/pinkie-2.0.4.tgz",
                          "resolved": "https://registry.npmjs.org/pinkie/-/pinkie-2.0.4.tgz"
                        }
                      }
                    }
                  }
                },
                "read-pkg": {
                  "version": "1.1.0",
                  "from": "https://registry.npmjs.org/read-pkg/-/read-pkg-1.1.0.tgz",
                  "resolved": "https://registry.npmjs.org/read-pkg/-/read-pkg-1.1.0.tgz",
                  "dependencies": {
                    "load-json-file": {
                      "version": "1.1.0",
                      "from": "https://registry.npmjs.org/load-json-file/-/load-json-file-1.1.0.tgz",
                      "resolved": "https://registry.npmjs.org/load-json-file/-/load-json-file-1.1.0.tgz",
                      "dependencies": {
                        "graceful-fs": {
                          "version": "4.1.3",
                          "from": "https://registry.npmjs.org/graceful-fs/-/graceful-fs-4.1.3.tgz",
                          "resolved": "https://registry.npmjs.org/graceful-fs/-/graceful-fs-4.1.3.tgz"
                        },
                        "parse-json": {
                          "version": "2.2.0",
                          "from": "https://registry.npmjs.org/parse-json/-/parse-json-2.2.0.tgz",
                          "resolved": "https://registry.npmjs.org/parse-json/-/parse-json-2.2.0.tgz",
                          "dependencies": {
                            "error-ex": {
                              "version": "1.3.0",
                              "from": "https://registry.npmjs.org/error-ex/-/error-ex-1.3.0.tgz",
                              "resolved": "https://registry.npmjs.org/error-ex/-/error-ex-1.3.0.tgz",
                              "dependencies": {
                                "is-arrayish": {
                                  "version": "0.2.1",
                                  "from": "https://registry.npmjs.org/is-arrayish/-/is-arrayish-0.2.1.tgz",
                                  "resolved": "https://registry.npmjs.org/is-arrayish/-/is-arrayish-0.2.1.tgz"
                                }
                              }
                            }
                          }
                        },
                        "pify": {
                          "version": "2.3.0",
                          "from": "https://registry.npmjs.org/pify/-/pify-2.3.0.tgz",
                          "resolved": "https://registry.npmjs.org/pify/-/pify-2.3.0.tgz"
                        },
                        "pinkie-promise": {
                          "version": "2.0.0",
                          "from": "https://registry.npmjs.org/pinkie-promise/-/pinkie-promise-2.0.0.tgz",
                          "resolved": "https://registry.npmjs.org/pinkie-promise/-/pinkie-promise-2.0.0.tgz",
                          "dependencies": {
                            "pinkie": {
                              "version": "2.0.4",
                              "from": "https://registry.npmjs.org/pinkie/-/pinkie-2.0.4.tgz",
                              "resolved": "https://registry.npmjs.org/pinkie/-/pinkie-2.0.4.tgz"
                            }
                          }
                        },
                        "strip-bom": {
                          "version": "2.0.0",
                          "from": "https://registry.npmjs.org/strip-bom/-/strip-bom-2.0.0.tgz",
                          "resolved": "https://registry.npmjs.org/strip-bom/-/strip-bom-2.0.0.tgz",
                          "dependencies": {
                            "is-utf8": {
                              "version": "0.2.1",
                              "from": "https://registry.npmjs.org/is-utf8/-/is-utf8-0.2.1.tgz",
                              "resolved": "https://registry.npmjs.org/is-utf8/-/is-utf8-0.2.1.tgz"
                            }
                          }
                        }
                      }
                    },
                    "path-type": {
                      "version": "1.1.0",
                      "from": "https://registry.npmjs.org/path-type/-/path-type-1.1.0.tgz",
                      "resolved": "https://registry.npmjs.org/path-type/-/path-type-1.1.0.tgz",
                      "dependencies": {
                        "graceful-fs": {
                          "version": "4.1.3",
                          "from": "https://registry.npmjs.org/graceful-fs/-/graceful-fs-4.1.3.tgz",
                          "resolved": "https://registry.npmjs.org/graceful-fs/-/graceful-fs-4.1.3.tgz"
                        },
                        "pify": {
                          "version": "2.3.0",
                          "from": "https://registry.npmjs.org/pify/-/pify-2.3.0.tgz",
                          "resolved": "https://registry.npmjs.org/pify/-/pify-2.3.0.tgz"
                        },
                        "pinkie-promise": {
                          "version": "2.0.0",
                          "from": "https://registry.npmjs.org/pinkie-promise/-/pinkie-promise-2.0.0.tgz",
                          "resolved": "https://registry.npmjs.org/pinkie-promise/-/pinkie-promise-2.0.0.tgz",
                          "dependencies": {
                            "pinkie": {
                              "version": "2.0.4",
                              "from": "https://registry.npmjs.org/pinkie/-/pinkie-2.0.4.tgz",
                              "resolved": "https://registry.npmjs.org/pinkie/-/pinkie-2.0.4.tgz"
                            }
                          }
                        }
                      }
                    }
                  }
                }
              }
            },
            "redent": {
              "version": "1.0.0",
              "from": "https://registry.npmjs.org/redent/-/redent-1.0.0.tgz",
              "resolved": "https://registry.npmjs.org/redent/-/redent-1.0.0.tgz",
              "dependencies": {
                "indent-string": {
                  "version": "2.1.0",
                  "from": "https://registry.npmjs.org/indent-string/-/indent-string-2.1.0.tgz",
                  "resolved": "https://registry.npmjs.org/indent-string/-/indent-string-2.1.0.tgz",
                  "dependencies": {
                    "repeating": {
                      "version": "2.0.0",
                      "from": "https://registry.npmjs.org/repeating/-/repeating-2.0.0.tgz",
                      "resolved": "https://registry.npmjs.org/repeating/-/repeating-2.0.0.tgz",
                      "dependencies": {
                        "is-finite": {
                          "version": "1.0.1",
                          "from": "https://registry.npmjs.org/is-finite/-/is-finite-1.0.1.tgz",
                          "resolved": "https://registry.npmjs.org/is-finite/-/is-finite-1.0.1.tgz",
                          "dependencies": {
                            "number-is-nan": {
                              "version": "1.0.0",
                              "from": "https://registry.npmjs.org/number-is-nan/-/number-is-nan-1.0.0.tgz",
                              "resolved": "https://registry.npmjs.org/number-is-nan/-/number-is-nan-1.0.0.tgz"
                            }
                          }
                        }
                      }
                    }
                  }
                },
                "strip-indent": {
                  "version": "1.0.1",
                  "from": "https://registry.npmjs.org/strip-indent/-/strip-indent-1.0.1.tgz",
                  "resolved": "https://registry.npmjs.org/strip-indent/-/strip-indent-1.0.1.tgz",
                  "dependencies": {
                    "get-stdin": {
                      "version": "4.0.1",
                      "from": "https://registry.npmjs.org/get-stdin/-/get-stdin-4.0.1.tgz",
                      "resolved": "https://registry.npmjs.org/get-stdin/-/get-stdin-4.0.1.tgz"
                    }
                  }
                }
              }
            },
            "trim-newlines": {
              "version": "1.0.0",
              "from": "https://registry.npmjs.org/trim-newlines/-/trim-newlines-1.0.0.tgz",
              "resolved": "https://registry.npmjs.org/trim-newlines/-/trim-newlines-1.0.0.tgz"
            }
          }
        }
      }
    },
    "ejs": {
      "version": "2.3.4",
      "from": "https://registry.npmjs.org/ejs/-/ejs-2.3.4.tgz",
      "resolved": "https://registry.npmjs.org/ejs/-/ejs-2.3.4.tgz"
    },
    "extend": {
      "version": "3.0.0",
      "from": "https://registry.npmjs.org/extend/-/extend-3.0.0.tgz",
      "resolved": "https://registry.npmjs.org/extend/-/extend-3.0.0.tgz"
    },
    "fs": {
      "version": "0.0.2",
      "from": "https://registry.npmjs.org/fs/-/fs-0.0.2.tgz",
      "resolved": "https://registry.npmjs.org/fs/-/fs-0.0.2.tgz"
    },
    "mkdirp": {
      "version": "0.5.1",
      "from": "https://registry.npmjs.org/mkdirp/-/mkdirp-0.5.1.tgz",
      "resolved": "https://registry.npmjs.org/mkdirp/-/mkdirp-0.5.1.tgz",
      "dependencies": {
        "minimist": {
          "version": "0.0.8",
          "from": "https://registry.npmjs.org/minimist/-/minimist-0.0.8.tgz",
          "resolved": "https://registry.npmjs.org/minimist/-/minimist-0.0.8.tgz"
        }
      }
    },
    "path": {
      "version": "0.12.7",
      "from": "path@latest",
      "resolved": "https://registry.npmjs.org/path/-/path-0.12.7.tgz",
      "dependencies": {
        "process": {
          "version": "0.11.2",
          "from": "process@>=0.11.1 <0.12.0",
          "resolved": "https://registry.npmjs.org/process/-/process-0.11.2.tgz"
        },
        "util": {
          "version": "0.10.3",
          "from": "util@>=0.10.3 <0.11.0",
          "resolved": "https://registry.npmjs.org/util/-/util-0.10.3.tgz",
          "dependencies": {
            "inherits": {
              "version": "2.0.1",
              "from": "inherits@2.0.1",
              "resolved": "https://registry.npmjs.org/inherits/-/inherits-2.0.1.tgz"
            }
          }
        }
      }
    }
  }
}
